
Microsoft Visual Studio Solution File, Format Version 12.00
# Visual Studio Version 17
VisualStudioVersion = 17.0.31912.275
MinimumVisualStudioVersion = 10.0.40219.1
Project("{9A19103F-16F7-4668-BE54-9A1E7A4F7556}") = "LinkedInLearning.Azure.Functions", "LinkedInLearning.Azure.Functions\LinkedInLearning.Azure.Functions\LinkedInLearning.Azure.Functions.csproj", "{7B6FFA5F-13F4-4B6C-8263-B5591E87C324}"
EndProject
Project("{2150E333-8FDC-42A3-9474-1A3956D46DE8}") = "Solutions items", "Solutions items", "{3395798A-F497-4A2D-8035-4E72177455EC}"
	ProjectSection(SolutionItems) = preProject
		docker-compose.yml = docker-compose.yml
	EndProjectSection
EndProject
Global
	GlobalSection(SolutionConfigurationPlatforms) = preSolution
		Debug|Any CPU = Debug|Any CPU
		Release|Any CPU = Release|Any CPU
	EndGlobalSection
	GlobalSection(ProjectConfigurationPlatforms) = postSolution
		{7B6FFA5F-13F4-4B6C-8263-B5591E87C324}.Debug|Any CPU.ActiveCfg = Debug|Any CPU
		{7B6FFA5F-13F4-4B6C-8263-B5591E87C324}.Debug|Any CPU.Build.0 = Debug|Any CPU
		{7B6FFA5F-13F4-4B6C-8263-B5591E87C324}.Release|Any CPU.ActiveCfg = Release|Any CPU
		{7B6FFA5F-13F4-4B6C-8263-B5591E87C324}.Release|Any CPU.Build.0 = Release|Any CPU
	EndGlobalSection
	GlobalSection(SolutionProperties) = preSolution
		HideSolutionNode = FALSE
	EndGlobalSection
	GlobalSection(ExtensibilityGlobals) = postSolution
		SolutionGuid = {5C7CBA75-113F-468C-9A8F-7C4CE5031D25}
	EndGlobalSection
EndGlobal
